// !$*UTF8*$!
{
	archiveVersion = 1;
	classes = {
	};
	objectVersion = 51;
	objects = {

/* Begin PBXBuildFile section */
		7F270D5B2393D5BDAB1C45B2 /* Pods_BMICalculator.framework in Frameworks */ = {isa = PBXBuildFile; fileRef = 8BB55C6C0297AA0952023423 /* Pods_BMICalculator.framework */; };
		C722C4F7274CF35E00734BE8 /* AppDelegate.swift in Sources */ = {isa = PBXBuildFile; fileRef = C722C4F6274CF35E00734BE8 /* AppDelegate.swift */; };
		C722C4F9274CF35E00734BE8 /* SceneDelegate.swift in Sources */ = {isa = PBXBuildFile; fileRef = C722C4F8274CF35E00734BE8 /* SceneDelegate.swift */; };
		C722C4FB274CF35E00734BE8 /* ViewController.swift in Sources */ = {isa = PBXBuildFile; fileRef = C722C4FA274CF35E00734BE8 /* ViewController.swift */; };
		C722C4FE274CF35E00734BE8 /* Main.storyboard in Resources */ = {isa = PBXBuildFile; fileRef = C722C4FC274CF35E00734BE8 /* Main.storyboard */; };
		C722C500274CF36900734BE8 /* Assets.xcassets in Resources */ = {isa = PBXBuildFile; fileRef = C722C4FF274CF36900734BE8 /* Assets.xcassets */; };
		C722C503274CF36900734BE8 /* LaunchScreen.storyboard in Resources */ = {isa = PBXBuildFile; fileRef = C722C501274CF36900734BE8 /* LaunchScreen.storyboard */; };
		C794A5C2274FC70A00E6AA1C /* MyTableViewCell.swift in Sources */ = {isa = PBXBuildFile; fileRef = C794A5C1274FC70A00E6AA1C /* MyTableViewCell.swift */; };
/* End PBXBuildFile section */

/* Begin PBXFileReference section */
		01C13E54B8572BBF11AC46C8 /* Pods-BMICalculator.debug.xcconfig */ = {isa = PBXFileReference; includeInIndex = 1; lastKnownFileType = text.xcconfig; name = "Pods-BMICalculator.debug.xcconfig"; path = "Target Support Files/Pods-BMICalculator/Pods-BMICalculator.debug.xcconfig"; sourceTree = "<group>"; };
		8BB55C6C0297AA0952023423 /* Pods_BMICalculator.framework */ = {isa = PBXFileReference; explicitFileType = wrapper.framework; includeInIndex = 0; path = Pods_BMICalculator.framework; sourceTree = BUILT_PRODUCTS_DIR; };
		C722C4F3274CF35E00734BE8 /* BMICalculator.app */ = {isa = PBXFileReference; explicitFileType = wrapper.application; includeInIndex = 0; path = BMICalculator.app; sourceTree = BUILT_PRODUCTS_DIR; };
		C722C4F6274CF35E00734BE8 /* AppDelegate.swift */ = {isa = PBXFileReference; lastKnownFileType = sourcecode.swift; path = AppDelegate.swift; sourceTree = "<group>"; };
		C722C4F8274CF35E00734BE8 /* SceneDelegate.swift */ = {isa = PBXFileReference; lastKnownFileType = sourcecode.swift; path = SceneDelegate.swift; sourceTree = "<group>"; };
		C722C4FA274CF35E00734BE8 /* ViewController.swift */ = {isa = PBXFileReference; lastKnownFileType = sourcecode.swift; path = ViewController.swift; sourceTree = "<group>"; };
		C722C4FD274CF35E00734BE8 /* Base */ = {isa = PBXFileReference; lastKnownFileType = file.storyboard; name = Base; path = Base.lproj/Main.storyboard; sourceTree = "<group>"; };
		C722C4FF274CF36900734BE8 /* Assets.xcassets */ = {isa = PBXFileReference; lastKnownFileType = folder.assetcatalog; path = Assets.xcassets; sourceTree = "<group>"; };
		C722C502274CF36900734BE8 /* Base */ = {isa = PBXFileReference; lastKnownFileType = file.storyboard; name = Base; path = Base.lproj/LaunchScreen.storyboard; sourceTree = "<group>"; };
		C722C504274CF36900734BE8 /* Info.plist */ = {isa = PBXFileReference; lastKnownFileType = text.plist.xml; path = Info.plist; sourceTree = "<group>"; };
		C794A5C1274FC70A00E6AA1C /* MyTableViewCell.swift */ = {isa = PBXFileReference; lastKnownFileType = sourcecode.swift; path = MyTableViewCell.swift; sourceTree = "<group>"; };
		E2B22380A9F1AE4A433AE9AE /* Pods-BMICalculator.release.xcconfig */ = {isa = PBXFileReference; includeInIndex = 1; lastKnownFileType = text.xcconfig; name = "Pods-BMICalculator.release.xcconfig"; path = "Target Support Files/Pods-BMICalculator/Pods-BMICalculator.release.xcconfig"; sourceTree = "<group>"; };
/* End PBXFileReference section */

/* Begin PBXFrameworksBuildPhase section */
		C722C4F0274CF35E00734BE8 /* Frameworks */ = {
			isa = PBXFrameworksBuildPhase;
			buildActionMask = 2147483647;
			files = (
				7F270D5B2393D5BDAB1C45B2 /* Pods_BMICalculator.framework in Frameworks */,
			);
			runOnlyForDeploymentPostprocessing = 0;
		};
/* End PBXFrameworksBuildPhase section */

/* Begin PBXGroup section */
		4EB13DB24DABD26DA0CC4E18 /* Frameworks */ = {
			isa = PBXGroup;
			children = (
				8BB55C6C0297AA0952023423 /* Pods_BMICalculator.framework */,
			);
			name = Frameworks;
			sourceTree = "<group>";
		};
		C722C4EA274CF35E00734BE8 = {
			isa = PBXGroup;
			children = (
				C722C4F5274CF35E00734BE8 /* BMICalculator */,
				C722C4F4274CF35E00734BE8 /* Products */,
				CCD5F9964F0D5510CEC0F974 /* Pods */,
				4EB13DB24DABD26DA0CC4E18 /* Frameworks */,
			);
			sourceTree = "<group>";
		};
		C722C4F4274CF35E00734BE8 /* Products */ = {
			isa = PBXGroup;
			children = (
				C722C4F3274CF35E00734BE8 /* BMICalculator.app */,
			);
			name = Products;
			sourceTree = "<group>";
		};
		C722C4F5274CF35E00734BE8 /* BMICalculator */ = {
			isa = PBXGroup;
			children = (
				C722C4F6274CF35E00734BE8 /* AppDelegate.swift */,
				C722C4F8274CF35E00734BE8 /* SceneDelegate.swift */,
				C722C4FA274CF35E00734BE8 /* ViewController.swift */,
				C722C4FC274CF35E00734BE8 /* Main.storyboard */,
				C794A5C1274FC70A00E6AA1C /* MyTableViewCell.swift */,
				C722C4FF274CF36900734BE8 /* Assets.xcassets */,
				C722C501274CF36900734BE8 /* LaunchScreen.storyboard */,
				C722C504274CF36900734BE8 /* Info.plist */,
			);
			path = BMICalculator;
			sourceTree = "<group>";
		};
		CCD5F9964F0D5510CEC0F974 /* Pods */ = {
			isa = PBXGroup;
			children = (
				01C13E54B8572BBF11AC46C8 /* Pods-BMICalculator.debug.xcconfig */,
				E2B22380A9F1AE4A433AE9AE /* Pods-BMICalculator.release.xcconfig */,
			);
			path = Pods;
			sourceTree = "<group>";
		};
/* End PBXGroup section */

/* Begin PBXNativeTarget section */
		C722C4F2274CF35E00734BE8 /* BMICalculator */ = {
			isa = PBXNativeTarget;
			buildConfigurationList = C722C507274CF36900734BE8 /* Build configuration list for PBXNativeTarget "BMICalculator" */;
			buildPhases = (
				D80ED06EA23F4DDE7EF6C6E4 /* [CP] Check Pods Manifest.lock */,
				C722C4EF274CF35E00734BE8 /* Sources */,
				C722C4F0274CF35E00734BE8 /* Frameworks */,
				C722C4F1274CF35E00734BE8 /* Resources */,
				3DB8F93DB492E58ACB724E02 /* [CP] Embed Pods Frameworks */,
			);
			buildRules = (
			);
			dependencies = (
			);
			name = BMICalculator;
			productName = BMICalculator;
			productReference = C722C4F3274CF35E00734BE8 /* BMICalculator.app */;
			productType = "com.apple.product-type.application";
		};
/* End PBXNativeTarget section */

/* Begin PBXProject section */
		C722C4EB274CF35E00734BE8 /* Project object */ = {
			isa = PBXProject;
			attributes = {
				LastSwiftUpdateCheck = 1240;
				LastUpgradeCheck = 1240;
				TargetAttributes = {
					C722C4F2274CF35E00734BE8 = {
						CreatedOnToolsVersion = 12.4;
					};
				};
			};
			buildConfigurationList = C722C4EE274CF35E00734BE8 /* Build configuration list for PBXProject "BMICalculator" */;
			compatibilityVersion = "Xcode 9.3";
			developmentRegion = en;
			hasScannedForEncodings = 0;
			knownRegions = (
				en,
				Base,
			);
			mainGroup = C722C4EA274CF35E00734BE8;
			productRefGroup = C722C4F4274CF35E00734BE8 /* Products */;
			projectDirPath = "";
			projectRoot = "";
			targets = (
				C722C4F2274CF35E00734BE8 /* BMICalculator */,
			);
		};
/* End PBXProject section */

/* Begin PBXResourcesBuildPhase section */
		C722C4F1274CF35E00734BE8 /* Resources */ = {
			isa = PBXResourcesBuildPhase;
			buildActionMask = 2147483647;
			files = (
				C722C503274CF36900734BE8 /* LaunchScreen.storyboard in Resources */,
				C722C500274CF36900734BE8 /* Assets.xcassets in Resources */,
				C722C4FE274CF35E00734BE8 /* Main.storyboard in Resources */,
			);
			runOnlyForDeploymentPostprocessing = 0;
		};
/* End PBXResourcesBuildPhase section */

/* Begin PBXShellScriptBuildPhase section */
		3DB8F93DB492E58ACB724E02 /* [CP] Embed Pods Frameworks */ = {
			isa = PBXShellScriptBuildPhase;
			buildActionMask = 2147483647;
			files = (
			);
			inputFileListPaths = (
				"${PODS_ROOT}/Target Support Files/Pods-BMICalculator/Pods-BMICalculator-frameworks-${CONFIGURATION}-input-files.xcfilelist",
			);
			name = "[CP] Embed Pods Frameworks";
			outputFileListPaths = (
				"${PODS_ROOT}/Target Support Files/Pods-BMICalculator/Pods-BMICalculator-frameworks-${CONFIGURATION}-output-files.xcfilelist",
			);
			runOnlyForDeploymentPostprocessing = 0;
			shellPath = /bin/sh;
			shellScript = "\"${PODS_ROOT}/Target Support Files/Pods-BMICalculator/Pods-BMICalculator-frameworks.sh\"\n";
			showEnvVarsInLog = 0;
		};
		D80ED06EA23F4DDE7EF6C6E4 /* [CP] Check Pods Manifest.lock */ = {
			isa = PBXShellScriptBuildPhase;
			buildActionMask = 2147483647;
			files = (
			);
			inputFileListPaths = (
			);
			inputPaths = (
				"${PODS_PODFILE_DIR_PATH}/Podfile.lock",
				"${PODS_ROOT}/Manifest.lock",
			);
			name = "[CP] Check Pods Manifest.lock";
			outputFileListPaths = (
			);
			outputPaths = (
				"$(DERIVED_FILE_DIR)/Pods-BMICalculator-checkManifestLockResult.txt",
			);
			runOnlyForDeploymentPostprocessing = 0;
			shellPath = /bin/sh;
			shellScript = "diff \"${PODS_PODFILE_DIR_PATH}/Podfile.lock\" \"${PODS_ROOT}/Manifest.lock\" > /dev/null\nif [ $? != 0 ] ; then\n    # print error to STDERR\n    echo \"error: The sandbox is not in sync with the Podfile.lock. Run 'pod install' or update your CocoaPods installation.\" >&2\n    exit 1\nfi\n# This output is used by Xcode 'outputs' to avoid re-running this script phase.\necho \"SUCCESS\" > \"${SCRIPT_OUTPUT_FILE_0}\"\n";
			showEnvVarsInLog = 0;
		};
/* End PBXShellScriptBuildPhase section */

/* Begin PBXSourcesBuildPhase section */
		C722C4EF274CF35E00734BE8 /* Sources */ = {
			isa = PBXSourcesBuildPhase;
			buildActionMask = 2147483647;
			files = (
				C722C4FB274CF35E00734BE8 /* ViewController.swift in Sources */,
				C794A5C2274FC70A00E6AA1C /* MyTableViewCell.swift in Sources */,
				C722C4F7274CF35E00734BE8 /* AppDelegate.swift in Sources */,
				C722C4F9274CF35E00734BE8 /* SceneDelegate.swift in Sources */,
			);
			runOnlyForDeploymentPostprocessing = 0;
		};
/* End PBXSourcesBuildPhase section */

/* Begin PBXVariantGroup section */
		C722C4FC274CF35E00734BE8 /* Main.storyboard */ = {
			isa = PBXVariantGroup;
			children = (
				C722C4FD274CF35E00734BE8 /* Base */,
			);
			name = Main.storyboard;
			sourceTree = "<group>";
		};
		C722C501274CF36900734BE8 /* LaunchScreen.storyboard */ = {
			isa = PBXVariantGroup;
			children = (
				C722C502274CF36900734BE8 /* Base */,
			);
			name = LaunchScreen.storyboard;
			sourceTree = "<group>";
		};
/* End PBXVariantGroup section */

/* Begin XCBuildConfiguration section */
		C722C505274CF36900734BE8 /* Debug */ = {
			isa = XCBuildConfiguration;
			buildSettings = {
				ALWAYS_SEARCH_USER_PATHS = NO;
				CLANG_ANALYZER_NONNULL = YES;
				CLANG_ANALYZER_NUMBER_OBJECT_CONVERSION = YES_AGGRESSIVE;
				CLANG_CXX_LANGUAGE_STANDARD = "gnu++14";
				CLANG_CXX_LIBRARY = "libc++";
				CLANG_ENABLE_MODULES = YES;
				CLANG_ENABLE_OBJC_ARC = YES;
				CLANG_ENABLE_OBJC_WEAK = YES;
				CLANG_WARN_BLOCK_CAPTURE_AUTORELEASING = YES;
				CLANG_WARN_BOOL_CONVERSION = YES;
				CLANG_WARN_COMMA = YES;
				CLANG_WARN_CONSTANT_CONVERSION = YES;
				CLANG_WARN_DEPRECATED_OBJC_IMPLEMENTATIONS = YES;
				CLANG_WARN_DIRECT_OBJC_ISA_USAGE = YES_ERROR;
				CLANG_WARN_DOCUMENTATION_COMMENTS = YES;
				CLANG_WARN_EMPTY_BODY = YES;
				CLANG_WARN_ENUM_CONVERSION = YES;
				CLANG_WARN_INFINITE_RECURSION = YES;
				CLANG_WARN_INT_CONVERSION = YES;
				CLANG_WARN_NON_LITERAL_NULL_CONVERSION = YES;
				CLANG_WARN_OBJC_IMPLICIT_RETAIN_SELF = YES;
				CLANG_WARN_OBJC_LITERAL_CONVERSION = YES;
				CLANG_WARN_OBJC_ROOT_CLASS = YES_ERROR;
				CLANG_WARN_QUOTED_INCLUDE_IN_FRAMEWORK_HEADER = YES;
				CLANG_WARN_RANGE_LOOP_ANALYSIS = YES;
				CLANG_WARN_STRICT_PROTOTYPES = YES;
				CLANG_WARN_SUSPICIOUS_MOVE = YES;
				CLANG_WARN_UNGUARDED_AVAILABILITY = YES_AGGRESSIVE;
				CLANG_WARN_UNREACHABLE_CODE = YES;
				CLANG_WARN__DUPLICATE_METHOD_MATCH = YES;
				COPY_PHASE_STRIP = NO;
				DEBUG_INFORMATION_FORMAT = dwarf;
				ENABLE_STRICT_OBJC_MSGSEND = YES;
				ENABLE_TESTABILITY = YES;
				GCC_C_LANGUAGE_STANDARD = gnu11;
				GCC_DYNAMIC_NO_PIC = NO;
				GCC_NO_COMMON_BLOCKS = YES;
				GCC_OPTIMIZATION_LEVEL = 0;
				GCC_PREPROCESSOR_DEFINITIONS = (
					"DEBUG=1",
					"$(inherited)",
				);
				GCC_WARN_64_TO_32_BIT_CONVERSION = YES;
				GCC_WARN_ABOUT_RETURN_TYPE = YES_ERROR;
				GCC_WARN_UNDECLARED_SELECTOR = YES;
				GCC_WARN_UNINITIALIZED_AUTOS = YES_AGGRESSIVE;
				GCC_WARN_UNUSED_FUNCTION = YES;
				GCC_WARN_UNUSED_VARIABLE = YES;
				IPHONEOS_DEPLOYMENT_TARGET = 14.4;
				MTL_ENABLE_DEBUG_INFO = INCLUDE_SOURCE;
				MTL_FAST_MATH = YES;
				ONLY_ACTIVE_ARCH = YES;
				SDKROOT = iphoneos;
				SWIFT_ACTIVE_COMPILATION_CONDITIONS = DEBUG;
				SWIFT_OPTIMIZATION_LEVEL = "-Onone";
			};
			name = Debug;
		};
		C722C506274CF36900734BE8 /* Release */ = {
			isa = XCBuildConfiguration;
			buildSettings = {
				ALWAYS_SEARCH_USER_PATHS = NO;
				CLANG_ANALYZER_NONNULL = YES;
				CLANG_ANALYZER_NUMBER_OBJECT_CONVERSION = YES_AGGRESSIVE;
				CLANG_CXX_LANGUAGE_STANDARD = "gnu++14";
				CLANG_CXX_LIBRARY = "libc++";
				CLANG_ENABLE_MODULES = YES;
				CLANG_ENABLE_OBJC_ARC = YES;
				CLANG_ENABLE_OBJC_WEAK = YES;
				CLANG_WARN_BLOCK_CAPTURE_AUTORELEASING = YES;
				CLANG_WARN_BOOL_CONVERSION = YES;
				CLANG_WARN_COMMA = YES;
				CLANG_WARN_CONSTANT_CONVERSION = YES;
				CLANG_WARN_DEPRECATED_OBJC_IMPLEMENTATIONS = YES;
				CLANG_WARN_DIRECT_OBJC_ISA_USAGE = YES_ERROR;
				CLANG_WARN_DOCUMENTATION_COMMENTS = YES;
				CLANG_WARN_EMPTY_BODY = YES;
				CLANG_WARN_ENUM_CONVERSION = YES;
				CLANG_WARN_INFINITE_RECURSION = YES;
				CLANG_WARN_INT_CONVERSION = YES;
				CLANG_WARN_NON_LITERAL_NULL_CONVERSION = YES;
				CLANG_WARN_OBJC_IMPLICIT_RETAIN_SELF = YES;
				CLANG_WARN_OBJC_LITERAL_CONVERSION = YES;
				CLANG_WARN_OBJC_ROOT_CLASS = YES_ERROR;
				CLANG_WARN_QUOTED_INCLUDE_IN_FRAMEWORK_HEADER = YES;
				CLANG_WARN_RANGE_LOOP_ANALYSIS = YES;
				CLANG_WARN_STRICT_PROTOTYPES = YES;
				CLANG_WARN_SUSPICIOUS_MOVE = YES;
				CLANG_WARN_UNGUARDED_AVAILABILITY = YES_AGGRESSIVE;
				CLANG_WARN_UNREACHABLE_CODE = YES;
				CLANG_WARN__DUPLICATE_METHOD_MATCH = YES;
				COPY_PHASE_STRIP = NO;
				DEBUG_INFORMATION_FORMAT = "dwarf-with-dsym";
				ENABLE_NS_ASSERTIONS = NO;
				ENABLE_STRICT_OBJC_MSGSEND = YES;
				GCC_C_LANGUAGE_STANDARD = gnu11;
				GCC_NO_COMMON_BLOCKS = YES;
				GCC_WARN_64_TO_32_BIT_CONVERSION = YES;
				GCC_WARN_ABOUT_RETURN_TYPE = YES_ERROR;
				GCC_WARN_UNDECLARED_SELECTOR = YES;
				GCC_WARN_UNINITIALIZED_AUTOS = YES_AGGRESSIVE;
				GCC_WARN_UNUSED_FUNCTION = YES;
				GCC_WARN_UNUSED_VARIABLE = YES;
				IPHONEOS_DEPLOYMENT_TARGET = 14.4;
				MTL_ENABLE_DEBUG_INFO = NO;
				MTL_FAST_MATH = YES;
				SDKROOT = iphoneos;
				SWIFT_COMPILATION_MODE = wholemodule;
				SWIFT_OPTIMIZATION_LEVEL = "-O";
				VALIDATE_PRODUCT = YES;
			};
			name = Release;
		};
		C722C508274CF36900734BE8 /* Debug */ = {
			isa = XCBuildConfiguration;
			baseConfigurationReference = 01C13E54B8572BBF11AC46C8 /* Pods-BMICalculator.debug.xcconfig */;
			buildSettings = {
				ASSETCATALOG_COMPILER_APPICON_NAME = AppIcon;
				ASSETCATALOG_COMPILER_GLOBAL_ACCENT_COLOR_NAME = AccentColor;
				CODE_SIGN_STYLE = Automatic;
				INFOPLIST_FILE = BMICalculator/Info.plist;
				LD_RUNPATH_SEARCH_PATHS = (
					"$(inherited)",
					"@executable_path/Frameworks",
				);
				PRODUCT_BUNDLE_IDENTIFIER = com.example.BMICalculator;
				PRODUCT_NAME = "$(TARGET_NAME)";
				SWIFT_VERSION = 5.0;
				TARGETED_DEVICE_FAMILY = "1,2";
			};
			name = Debug;
		};
		C722C509274CF36900734BE8 /* Release */ = {
			isa = XCBuildConfiguration;
			baseConfigurationReference = E2B22380A9F1AE4A433AE9AE /* Pods-BMICalculator.release.xcconfig */;
			buildSettings = {
				ASSETCATALOG_COMPILER_APPICON_NAME = AppIcon;
				ASSETCATALOG_COMPILER_GLOBAL_ACCENT_COLOR_NAME = AccentColor;
				CODE_SIGN_STYLE = Automatic;
				INFOPLIST_FILE = BMICalculator/Info.plist;
				LD_RUNPATH_SEARCH_PATHS = (
					"$(inherited)",
					"@executable_path/Frameworks",
				);
				PRODUCT_BUNDLE_IDENTIFIER = com.example.BMICalculator;
				PRODUCT_NAME = "$(TARGET_NAME)";
				SWIFT_VERSION = 5.0;
				TARGETED_DEVICE_FAMILY = "1,2";
			};
			name = Release;
		};
/* End XCBuildConfiguration section */

/* Begin XCConfigurationList section */
		C722C4EE274CF35E00734BE8 /* Build configuration list for PBXProject "BMICalculator" */ = {
			isa = XCConfigurationList;
			buildConfigurations = (
				C722C505274CF36900734BE8 /* Debug */,
				C722C506274CF36900734BE8 /* Release */,
			);
			defaultConfigurationIsVisible = 0;
			defaultConfigurationName = Release;
		};
		C722C507274CF36900734BE8 /* Build configuration list for PBXNativeTarget "BMICalculator" */ = {
			isa = XCConfigurationList;
			buildConfigurations = (
				C722C508274CF36900734BE8 /* Debug */,
				C722C509274CF36900734BE8 /* Release */,
			);
			defaultConfigurationIsVisible = 0;
			defaultConfigurationName = Release;
		};
/* End XCConfigurationList section */
	};
	rootObject = C722C4EB274CF35E00734BE8 /* Project object */;
}
